
Microsoft Visual Studio Solution File, Format Version 12.00
# Visual Studio Version 16
VisualStudioVersion = 16.0.31129.286
MinimumVisualStudioVersion = 10.0.40219.1
Project("{FAE04EC0-301F-11D3-BF4B-00C04F79EFBC}") = "DataImporter", "DataImporter\DataImporter.csproj", "{C0D19D7C-D8FA-4997-89C4-804AAB19705F}"
EndProject
Project("{FAE04EC0-301F-11D3-BF4B-00C04F79EFBC}") = "Logging", "Logging\Logging.csproj", "{80479A58-9786-4742-AA64-B3A5B17FECA7}"
EndProject
Global
	GlobalSection(SolutionConfigurationPlatforms) = preSolution
		Debug|Any CPU = Debug|Any CPU
		Release|Any CPU = Release|Any CPU
	EndGlobalSection
	GlobalSection(ProjectConfigurationPlatforms) = postSolution
		{C0D19D7C-D8FA-4997-89C4-804AAB19705F}.Debug|Any CPU.ActiveCfg = Debug|Any CPU
		{C0D19D7C-D8FA-4997-89C4-804AAB19705F}.Debug|Any CPU.Build.0 = Debug|Any CPU
		{C0D19D7C-D8FA-4997-89C4-804AAB19705F}.Release|Any CPU.ActiveCfg = Release|Any CPU
		{C0D19D7C-D8FA-4997-89C4-804AAB19705F}.Release|Any CPU.Build.0 = Release|Any CPU
		{80479A58-9786-4742-AA64-B3A5B17FECA7}.Debug|Any CPU.ActiveCfg = Debug|Any CPU
		{80479A58-9786-4742-AA64-B3A5B17FECA7}.Debug|Any CPU.Build.0 = Debug|Any CPU
		{80479A58-9786-4742-AA64-B3A5B17FECA7}.Release|Any CPU.ActiveCfg = Release|Any CPU
		{80479A58-9786-4742-AA64-B3A5B17FECA7}.Release|Any CPU.Build.0 = Release|Any CPU
	EndGlobalSection
	GlobalSection(SolutionProperties) = preSolution
		HideSolutionNode = FALSE
	EndGlobalSection
	GlobalSection(ExtensibilityGlobals) = postSolution
		SolutionGuid = {E47BD681-89FB-431D-BE79-EAC5B6E936B6}
	EndGlobalSection
EndGlobal
